// !$*UTF8*$!
{
	archiveVersion = 1;
	classes = {
	};
	objectVersion = 56;
	objects = {

/* Begin PBXBuildFile section */
		8EEB3B6928EFB0B5001FA7B5 /* AppDelegate.swift in Sources */ = {isa = PBXBuildFile; fileRef = 8EEB3B6828EFB0B5001FA7B5 /* AppDelegate.swift */; };
		8EEB3B6B28EFB0B5001FA7B5 /* SceneDelegate.swift in Sources */ = {isa = PBXBuildFile; fileRef = 8EEB3B6A28EFB0B5001FA7B5 /* SceneDelegate.swift */; };
		8EEB3B7028EFB0B5001FA7B5 /* Main.storyboard in Resources */ = {isa = PBXBuildFile; fileRef = 8EEB3B6E28EFB0B5001FA7B5 /* Main.storyboard */; };
		8EEB3B7228EFB0B6001FA7B5 /* Assets.xcassets in Resources */ = {isa = PBXBuildFile; fileRef = 8EEB3B7128EFB0B6001FA7B5 /* Assets.xcassets */; };
		8EEB3B7528EFB0B6001FA7B5 /* LaunchScreen.storyboard in Resources */ = {isa = PBXBuildFile; fileRef = 8EEB3B7328EFB0B6001FA7B5 /* LaunchScreen.storyboard */; };
		8EEB3B7D28EFC93F001FA7B5 /* DrinksMenuTableViewController.swift in Sources */ = {isa = PBXBuildFile; fileRef = 8EEB3B7C28EFC93F001FA7B5 /* DrinksMenuTableViewController.swift */; };
		8EEB3B7F28EFC96A001FA7B5 /* EditTableViewController.swift in Sources */ = {isa = PBXBuildFile; fileRef = 8EEB3B7E28EFC96A001FA7B5 /* EditTableViewController.swift */; };
		8EEB3B8328EFCDAB001FA7B5 /* DrinksMenuTableViewCell.swift in Sources */ = {isa = PBXBuildFile; fileRef = 8EEB3B8228EFCDAB001FA7B5 /* DrinksMenuTableViewCell.swift */; };
		8EEB3B8528EFCDDA001FA7B5 /* ShoppingListTableViewCell.swift in Sources */ = {isa = PBXBuildFile; fileRef = 8EEB3B8428EFCDDA001FA7B5 /* ShoppingListTableViewCell.swift */; };
		8EEB3B8728EFCF0D001FA7B5 /* DrinksInfo.swift in Sources */ = {isa = PBXBuildFile; fileRef = 8EEB3B8628EFCF0D001FA7B5 /* DrinksInfo.swift */; };
		8EEB3B8928EFD3F9001FA7B5 /* ShoppingListViewController.swift in Sources */ = {isa = PBXBuildFile; fileRef = 8EEB3B8828EFD3F9001FA7B5 /* ShoppingListViewController.swift */; };
		8EEB3B8B28EFD68D001FA7B5 /* OrderList.swift in Sources */ = {isa = PBXBuildFile; fileRef = 8EEB3B8A28EFD68D001FA7B5 /* OrderList.swift */; };
/* End PBXBuildFile section */

/* Begin PBXFileReference section */
		8EEB3B6528EFB0B5001FA7B5 /* OrderFiftyLan.app */ = {isa = PBXFileReference; explicitFileType = wrapper.application; includeInIndex = 0; path = OrderFiftyLan.app; sourceTree = BUILT_PRODUCTS_DIR; };
		8EEB3B6828EFB0B5001FA7B5 /* AppDelegate.swift */ = {isa = PBXFileReference; lastKnownFileType = sourcecode.swift; path = AppDelegate.swift; sourceTree = "<group>"; };
		8EEB3B6A28EFB0B5001FA7B5 /* SceneDelegate.swift */ = {isa = PBXFileReference; lastKnownFileType = sourcecode.swift; path = SceneDelegate.swift; sourceTree = "<group>"; };
		8EEB3B6F28EFB0B5001FA7B5 /* Base */ = {isa = PBXFileReference; lastKnownFileType = file.storyboard; name = Base; path = Base.lproj/Main.storyboard; sourceTree = "<group>"; };
		8EEB3B7128EFB0B6001FA7B5 /* Assets.xcassets */ = {isa = PBXFileReference; lastKnownFileType = folder.assetcatalog; path = Assets.xcassets; sourceTree = "<group>"; };
		8EEB3B7428EFB0B6001FA7B5 /* Base */ = {isa = PBXFileReference; lastKnownFileType = file.storyboard; name = Base; path = Base.lproj/LaunchScreen.storyboard; sourceTree = "<group>"; };
		8EEB3B7628EFB0B6001FA7B5 /* Info.plist */ = {isa = PBXFileReference; lastKnownFileType = text.plist.xml; path = Info.plist; sourceTree = "<group>"; };
		8EEB3B7C28EFC93F001FA7B5 /* DrinksMenuTableViewController.swift */ = {isa = PBXFileReference; lastKnownFileType = sourcecode.swift; path = DrinksMenuTableViewController.swift; sourceTree = "<group>"; };
		8EEB3B7E28EFC96A001FA7B5 /* EditTableViewController.swift */ = {isa = PBXFileReference; lastKnownFileType = sourcecode.swift; path = EditTableViewController.swift; sourceTree = "<group>"; };
		8EEB3B8228EFCDAB001FA7B5 /* DrinksMenuTableViewCell.swift */ = {isa = PBXFileReference; lastKnownFileType = sourcecode.swift; path = DrinksMenuTableViewCell.swift; sourceTree = "<group>"; };
		8EEB3B8428EFCDDA001FA7B5 /* ShoppingListTableViewCell.swift */ = {isa = PBXFileReference; lastKnownFileType = sourcecode.swift; path = ShoppingListTableViewCell.swift; sourceTree = "<group>"; };
		8EEB3B8628EFCF0D001FA7B5 /* DrinksInfo.swift */ = {isa = PBXFileReference; lastKnownFileType = sourcecode.swift; path = DrinksInfo.swift; sourceTree = "<group>"; };
		8EEB3B8828EFD3F9001FA7B5 /* ShoppingListViewController.swift */ = {isa = PBXFileReference; lastKnownFileType = sourcecode.swift; path = ShoppingListViewController.swift; sourceTree = "<group>"; };
		8EEB3B8A28EFD68D001FA7B5 /* OrderList.swift */ = {isa = PBXFileReference; lastKnownFileType = sourcecode.swift; path = OrderList.swift; sourceTree = "<group>"; };
/* End PBXFileReference section */

/* Begin PBXFrameworksBuildPhase section */
		8EEB3B6228EFB0B5001FA7B5 /* Frameworks */ = {
			isa = PBXFrameworksBuildPhase;
			buildActionMask = 2147483647;
			files = (
			);
			runOnlyForDeploymentPostprocessing = 0;
		};
/* End PBXFrameworksBuildPhase section */

/* Begin PBXGroup section */
		8EEB3B5C28EFB0B5001FA7B5 = {
			isa = PBXGroup;
			children = (
				8EEB3B6728EFB0B5001FA7B5 /* OrderFiftyLan */,
				8EEB3B6628EFB0B5001FA7B5 /* Products */,
			);
			sourceTree = "<group>";
		};
		8EEB3B6628EFB0B5001FA7B5 /* Products */ = {
			isa = PBXGroup;
			children = (
				8EEB3B6528EFB0B5001FA7B5 /* OrderFiftyLan.app */,
			);
			name = Products;
			sourceTree = "<group>";
		};
		8EEB3B6728EFB0B5001FA7B5 /* OrderFiftyLan */ = {
			isa = PBXGroup;
			children = (
				8EEB3B8A28EFD68D001FA7B5 /* OrderList.swift */,
				8EEB3B8828EFD3F9001FA7B5 /* ShoppingListViewController.swift */,
				8EEB3B8628EFCF0D001FA7B5 /* DrinksInfo.swift */,
				8EEB3B8428EFCDDA001FA7B5 /* ShoppingListTableViewCell.swift */,
				8EEB3B8228EFCDAB001FA7B5 /* DrinksMenuTableViewCell.swift */,
				8EEB3B7E28EFC96A001FA7B5 /* EditTableViewController.swift */,
				8EEB3B7C28EFC93F001FA7B5 /* DrinksMenuTableViewController.swift */,
				8EEB3B6828EFB0B5001FA7B5 /* AppDelegate.swift */,
				8EEB3B6A28EFB0B5001FA7B5 /* SceneDelegate.swift */,
				8EEB3B6E28EFB0B5001FA7B5 /* Main.storyboard */,
				8EEB3B7128EFB0B6001FA7B5 /* Assets.xcassets */,
				8EEB3B7328EFB0B6001FA7B5 /* LaunchScreen.storyboard */,
				8EEB3B7628EFB0B6001FA7B5 /* Info.plist */,
			);
			path = OrderFiftyLan;
			sourceTree = "<group>";
		};
/* End PBXGroup section */

/* Begin PBXNativeTarget section */
		8EEB3B6428EFB0B5001FA7B5 /* OrderFiftyLan */ = {
			isa = PBXNativeTarget;
			buildConfigurationList = 8EEB3B7928EFB0B6001FA7B5 /* Build configuration list for PBXNativeTarget "OrderFiftyLan" */;
			buildPhases = (
				8EEB3B6128EFB0B5001FA7B5 /* Sources */,
				8EEB3B6228EFB0B5001FA7B5 /* Frameworks */,
				8EEB3B6328EFB0B5001FA7B5 /* Resources */,
			);
			buildRules = (
			);
			dependencies = (
			);
			name = OrderFiftyLan;
			productName = OrderFiftyLan;
			productReference = 8EEB3B6528EFB0B5001FA7B5 /* OrderFiftyLan.app */;
			productType = "com.apple.product-type.application";
		};
/* End PBXNativeTarget section */

/* Begin PBXProject section */
		8EEB3B5D28EFB0B5001FA7B5 /* Project object */ = {
			isa = PBXProject;
			attributes = {
				BuildIndependentTargetsInParallel = 1;
				LastSwiftUpdateCheck = 1400;
				LastUpgradeCheck = 1400;
				TargetAttributes = {
					8EEB3B6428EFB0B5001FA7B5 = {
						CreatedOnToolsVersion = 14.0;
					};
				};
			};
			buildConfigurationList = 8EEB3B6028EFB0B5001FA7B5 /* Build configuration list for PBXProject "OrderFiftyLan" */;
			compatibilityVersion = "Xcode 14.0";
			developmentRegion = en;
			hasScannedForEncodings = 0;
			knownRegions = (
				en,
				Base,
			);
			mainGroup = 8EEB3B5C28EFB0B5001FA7B5;
			productRefGroup = 8EEB3B6628EFB0B5001FA7B5 /* Products */;
			projectDirPath = "";
			projectRoot = "";
			targets = (
				8EEB3B6428EFB0B5001FA7B5 /* OrderFiftyLan */,
			);
		};
/* End PBXProject section */

/* Begin PBXResourcesBuildPhase section */
		8EEB3B6328EFB0B5001FA7B5 /* Resources */ = {
			isa = PBXResourcesBuildPhase;
			buildActionMask = 2147483647;
			files = (
				8EEB3B7528EFB0B6001FA7B5 /* LaunchScreen.storyboard in Resources */,
				8EEB3B7228EFB0B6001FA7B5 /* Assets.xcassets in Resources */,
				8EEB3B7028EFB0B5001FA7B5 /* Main.storyboard in Resources */,
			);
			runOnlyForDeploymentPostprocessing = 0;
		};
/* End PBXResourcesBuildPhase section */

/* Begin PBXSourcesBuildPhase section */
		8EEB3B6128EFB0B5001FA7B5 /* Sources */ = {
			isa = PBXSourcesBuildPhase;
			buildActionMask = 2147483647;
			files = (
				8EEB3B8528EFCDDA001FA7B5 /* ShoppingListTableViewCell.swift in Sources */,
				8EEB3B8728EFCF0D001FA7B5 /* DrinksInfo.swift in Sources */,
				8EEB3B8B28EFD68D001FA7B5 /* OrderList.swift in Sources */,
				8EEB3B8328EFCDAB001FA7B5 /* DrinksMenuTableViewCell.swift in Sources */,
				8EEB3B7D28EFC93F001FA7B5 /* DrinksMenuTableViewController.swift in Sources */,
				8EEB3B8928EFD3F9001FA7B5 /* ShoppingListViewController.swift in Sources */,
				8EEB3B6928EFB0B5001FA7B5 /* AppDelegate.swift in Sources */,
				8EEB3B7F28EFC96A001FA7B5 /* EditTableViewController.swift in Sources */,
				8EEB3B6B28EFB0B5001FA7B5 /* SceneDelegate.swift in Sources */,
			);
			runOnlyForDeploymentPostprocessing = 0;
		};
/* End PBXSourcesBuildPhase section */

/* Begin PBXVariantGroup section */
		8EEB3B6E28EFB0B5001FA7B5 /* Main.storyboard */ = {
			isa = PBXVariantGroup;
			children = (
				8EEB3B6F28EFB0B5001FA7B5 /* Base */,
			);
			name = Main.storyboard;
			sourceTree = "<group>";
		};
		8EEB3B7328EFB0B6001FA7B5 /* LaunchScreen.storyboard */ = {
			isa = PBXVariantGroup;
			children = (
				8EEB3B7428EFB0B6001FA7B5 /* Base */,
			);
			name = LaunchScreen.storyboard;
			sourceTree = "<group>";
		};
/* End PBXVariantGroup section */

/* Begin XCBuildConfiguration section */
		8EEB3B7728EFB0B6001FA7B5 /* Debug */ = {
			isa = XCBuildConfiguration;
			buildSettings = {
				ALWAYS_SEARCH_USER_PATHS = NO;
				CLANG_ANALYZER_NONNULL = YES;
				CLANG_ANALYZER_NUMBER_OBJECT_CONVERSION = YES_AGGRESSIVE;
				CLANG_CXX_LANGUAGE_STANDARD = "gnu++20";
				CLANG_ENABLE_MODULES = YES;
				CLANG_ENABLE_OBJC_ARC = YES;
				CLANG_ENABLE_OBJC_WEAK = YES;
				CLANG_WARN_BLOCK_CAPTURE_AUTORELEASING = YES;
				CLANG_WARN_BOOL_CONVERSION = YES;
				CLANG_WARN_COMMA = YES;
				CLANG_WARN_CONSTANT_CONVERSION = YES;
				CLANG_WARN_DEPRECATED_OBJC_IMPLEMENTATIONS = YES;
				CLANG_WARN_DIRECT_OBJC_ISA_USAGE = YES_ERROR;
				CLANG_WARN_DOCUMENTATION_COMMENTS = YES;
				CLANG_WARN_EMPTY_BODY = YES;
				CLANG_WARN_ENUM_CONVERSION = YES;
				CLANG_WARN_INFINITE_RECURSION = YES;
				CLANG_WARN_INT_CONVERSION = YES;
				CLANG_WARN_NON_LITERAL_NULL_CONVERSION = YES;
				CLANG_WARN_OBJC_IMPLICIT_RETAIN_SELF = YES;
				CLANG_WARN_OBJC_LITERAL_CONVERSION = YES;
				CLANG_WARN_OBJC_ROOT_CLASS = YES_ERROR;
				CLANG_WARN_QUOTED_INCLUDE_IN_FRAMEWORK_HEADER = YES;
				CLANG_WARN_RANGE_LOOP_ANALYSIS = YES;
				CLANG_WARN_STRICT_PROTOTYPES = YES;
				CLANG_WARN_SUSPICIOUS_MOVE = YES;
				CLANG_WARN_UNGUARDED_AVAILABILITY = YES_AGGRESSIVE;
				CLANG_WARN_UNREACHABLE_CODE = YES;
				CLANG_WARN__DUPLICATE_METHOD_MATCH = YES;
				COPY_PHASE_STRIP = NO;
				DEBUG_INFORMATION_FORMAT = dwarf;
				ENABLE_STRICT_OBJC_MSGSEND = YES;
				ENABLE_TESTABILITY = YES;
				GCC_C_LANGUAGE_STANDARD = gnu11;
				GCC_DYNAMIC_NO_PIC = NO;
				GCC_NO_COMMON_BLOCKS = YES;
				GCC_OPTIMIZATION_LEVEL = 0;
				GCC_PREPROCESSOR_DEFINITIONS = (
					"DEBUG=1",
					"$(inherited)",
				);
				GCC_WARN_64_TO_32_BIT_CONVERSION = YES;
				GCC_WARN_ABOUT_RETURN_TYPE = YES_ERROR;
				GCC_WARN_UNDECLARED_SELECTOR = YES;
				GCC_WARN_UNINITIALIZED_AUTOS = YES_AGGRESSIVE;
				GCC_WARN_UNUSED_FUNCTION = YES;
				GCC_WARN_UNUSED_VARIABLE = YES;
				IPHONEOS_DEPLOYMENT_TARGET = 16.0;
				MTL_ENABLE_DEBUG_INFO = INCLUDE_SOURCE;
				MTL_FAST_MATH = YES;
				ONLY_ACTIVE_ARCH = YES;
				SDKROOT = iphoneos;
				SWIFT_ACTIVE_COMPILATION_CONDITIONS = DEBUG;
				SWIFT_OPTIMIZATION_LEVEL = "-Onone";
			};
			name = Debug;
		};
		8EEB3B7828EFB0B6001FA7B5 /* Release */ = {
			isa = XCBuildConfiguration;
			buildSettings = {
				ALWAYS_SEARCH_USER_PATHS = NO;
				CLANG_ANALYZER_NONNULL = YES;
				CLANG_ANALYZER_NUMBER_OBJECT_CONVERSION = YES_AGGRESSIVE;
				CLANG_CXX_LANGUAGE_STANDARD = "gnu++20";
				CLANG_ENABLE_MODULES = YES;
				CLANG_ENABLE_OBJC_ARC = YES;
				CLANG_ENABLE_OBJC_WEAK = YES;
				CLANG_WARN_BLOCK_CAPTURE_AUTORELEASING = YES;
				CLANG_WARN_BOOL_CONVERSION = YES;
				CLANG_WARN_COMMA = YES;
				CLANG_WARN_CONSTANT_CONVERSION = YES;
				CLANG_WARN_DEPRECATED_OBJC_IMPLEMENTATIONS = YES;
				CLANG_WARN_DIRECT_OBJC_ISA_USAGE = YES_ERROR;
				CLANG_WARN_DOCUMENTATION_COMMENTS = YES;
				CLANG_WARN_EMPTY_BODY = YES;
				CLANG_WARN_ENUM_CONVERSION = YES;
				CLANG_WARN_INFINITE_RECURSION = YES;
				CLANG_WARN_INT_CONVERSION = YES;
				CLANG_WARN_NON_LITERAL_NULL_CONVERSION = YES;
				CLANG_WARN_OBJC_IMPLICIT_RETAIN_SELF = YES;
				CLANG_WARN_OBJC_LITERAL_CONVERSION = YES;
				CLANG_WARN_OBJC_ROOT_CLASS = YES_ERROR;
				CLANG_WARN_QUOTED_INCLUDE_IN_FRAMEWORK_HEADER = YES;
				CLANG_WARN_RANGE_LOOP_ANALYSIS = YES;
				CLANG_WARN_STRICT_PROTOTYPES = YES;
				CLANG_WARN_SUSPICIOUS_MOVE = YES;
				CLANG_WARN_UNGUARDED_AVAILABILITY = YES_AGGRESSIVE;
				CLANG_WARN_UNREACHABLE_CODE = YES;
				CLANG_WARN__DUPLICATE_METHOD_MATCH = YES;
				COPY_PHASE_STRIP = NO;
				DEBUG_INFORMATION_FORMAT = "dwarf-with-dsym";
				ENABLE_NS_ASSERTIONS = NO;
				ENABLE_STRICT_OBJC_MSGSEND = YES;
				GCC_C_LANGUAGE_STANDARD = gnu11;
				GCC_NO_COMMON_BLOCKS = YES;
				GCC_WARN_64_TO_32_BIT_CONVERSION = YES;
				GCC_WARN_ABOUT_RETURN_TYPE = YES_ERROR;
				GCC_WARN_UNDECLARED_SELECTOR = YES;
				GCC_WARN_UNINITIALIZED_AUTOS = YES_AGGRESSIVE;
				GCC_WARN_UNUSED_FUNCTION = YES;
				GCC_WARN_UNUSED_VARIABLE = YES;
				IPHONEOS_DEPLOYMENT_TARGET = 16.0;
				MTL_ENABLE_DEBUG_INFO = NO;
				MTL_FAST_MATH = YES;
				SDKROOT = iphoneos;
				SWIFT_COMPILATION_MODE = wholemodule;
				SWIFT_OPTIMIZATION_LEVEL = "-O";
				VALIDATE_PRODUCT = YES;
			};
			name = Release;
		};
		8EEB3B7A28EFB0B6001FA7B5 /* Debug */ = {
			isa = XCBuildConfiguration;
			buildSettings = {
				ASSETCATALOG_COMPILER_APPICON_NAME = AppIcon;
				ASSETCATALOG_COMPILER_GLOBAL_ACCENT_COLOR_NAME = AccentColor;
				CODE_SIGN_STYLE = Automatic;
				CURRENT_PROJECT_VERSION = 1;
				GENERATE_INFOPLIST_FILE = YES;
				INFOPLIST_FILE = OrderFiftyLan/Info.plist;
				INFOPLIST_KEY_UIApplicationSupportsIndirectInputEvents = YES;
				INFOPLIST_KEY_UILaunchStoryboardName = LaunchScreen;
				INFOPLIST_KEY_UIMainStoryboardFile = Main;
				INFOPLIST_KEY_UISupportedInterfaceOrientations_iPad = "UIInterfaceOrientationPortrait UIInterfaceOrientationPortraitUpsideDown UIInterfaceOrientationLandscapeLeft UIInterfaceOrientationLandscapeRight";
				INFOPLIST_KEY_UISupportedInterfaceOrientations_iPhone = "UIInterfaceOrientationPortrait UIInterfaceOrientationLandscapeLeft UIInterfaceOrientationLandscapeRight";
				LD_RUNPATH_SEARCH_PATHS = (
					"$(inherited)",
					"@executable_path/Frameworks",
				);
				MARKETING_VERSION = 1.0;
				PRODUCT_BUNDLE_IDENTIFIER = "com.kuani-0627-1.OrderFiftyLan";
				PRODUCT_NAME = "$(TARGET_NAME)";
				SWIFT_EMIT_LOC_STRINGS = YES;
				SWIFT_VERSION = 5.0;
				TARGETED_DEVICE_FAMILY = "1,2";
			};
			name = Debug;
		};
		8EEB3B7B28EFB0B6001FA7B5 /* Release */ = {
			isa = XCBuildConfiguration;
			buildSettings = {
				ASSETCATALOG_COMPILER_APPICON_NAME = AppIcon;
				ASSETCATALOG_COMPILER_GLOBAL_ACCENT_COLOR_NAME = AccentColor;
				CODE_SIGN_STYLE = Automatic;
				CURRENT_PROJECT_VERSION = 1;
				GENERATE_INFOPLIST_FILE = YES;
				INFOPLIST_FILE = OrderFiftyLan/Info.plist;
				INFOPLIST_KEY_UIApplicationSupportsIndirectInputEvents = YES;
				INFOPLIST_KEY_UILaunchStoryboardName = LaunchScreen;
				INFOPLIST_KEY_UIMainStoryboardFile = Main;
				INFOPLIST_KEY_UISupportedInterfaceOrientations_iPad = "UIInterfaceOrientationPortrait UIInterfaceOrientationPortraitUpsideDown UIInterfaceOrientationLandscapeLeft UIInterfaceOrientationLandscapeRight";
				INFOPLIST_KEY_UISupportedInterfaceOrientations_iPhone = "UIInterfaceOrientationPortrait UIInterfaceOrientationLandscapeLeft UIInterfaceOrientationLandscapeRight";
				LD_RUNPATH_SEARCH_PATHS = (
					"$(inherited)",
					"@executable_path/Frameworks",
				);
				MARKETING_VERSION = 1.0;
				PRODUCT_BUNDLE_IDENTIFIER = "com.kuani-0627-1.OrderFiftyLan";
				PRODUCT_NAME = "$(TARGET_NAME)";
				SWIFT_EMIT_LOC_STRINGS = YES;
				SWIFT_VERSION = 5.0;
				TARGETED_DEVICE_FAMILY = "1,2";
			};
			name = Release;
		};
/* End XCBuildConfiguration section */

/* Begin XCConfigurationList section */
		8EEB3B6028EFB0B5001FA7B5 /* Build configuration list for PBXProject "OrderFiftyLan" */ = {
			isa = XCConfigurationList;
			buildConfigurations = (
				8EEB3B7728EFB0B6001FA7B5 /* Debug */,
				8EEB3B7828EFB0B6001FA7B5 /* Release */,
			);
			defaultConfigurationIsVisible = 0;
			defaultConfigurationName = Release;
		};
		8EEB3B7928EFB0B6001FA7B5 /* Build configuration list for PBXNativeTarget "OrderFiftyLan" */ = {
			isa = XCConfigurationList;
			buildConfigurations = (
				8EEB3B7A28EFB0B6001FA7B5 /* Debug */,
				8EEB3B7B28EFB0B6001FA7B5 /* Release */,
			);
			defaultConfigurationIsVisible = 0;
			defaultConfigurationName = Release;
		};
/* End XCConfigurationList section */
	};
	rootObject = 8EEB3B5D28EFB0B5001FA7B5 /* Project object */;
}
